
Microsoft Visual Studio Solution File, Format Version 12.00
# Visual Studio 15
VisualStudioVersion = 15.0.28010.2016
MinimumVisualStudioVersion = 10.0.40219.1
Project("{FAE04EC0-301F-11D3-BF4B-00C04F79EFBC}") = "ReactionsServer", "ReactionsServer\ReactionsServer.csproj", "{1CA36654-61F8-40A4-B902-A81788A595A3}"
EndProject
Project("{FAE04EC0-301F-11D3-BF4B-00C04F79EFBC}") = "Domain.Reactions", "Domain.Reactions\Domain.Reactions.csproj", "{3D4AB847-BFDA-4A0A-8895-DE916CE3B587}"
EndProject
Global
	GlobalSection(SolutionConfigurationPlatforms) = preSolution
		Debug|Any CPU = Debug|Any CPU
		Release|Any CPU = Release|Any CPU
	EndGlobalSection
	GlobalSection(ProjectConfigurationPlatforms) = postSolution
		{1CA36654-61F8-40A4-B902-A81788A595A3}.Debug|Any CPU.ActiveCfg = Debug|Any CPU
		{1CA36654-61F8-40A4-B902-A81788A595A3}.Debug|Any CPU.Build.0 = Debug|Any CPU
		{1CA36654-61F8-40A4-B902-A81788A595A3}.Release|Any CPU.ActiveCfg = Release|Any CPU
		{1CA36654-61F8-40A4-B902-A81788A595A3}.Release|Any CPU.Build.0 = Release|Any CPU
		{3D4AB847-BFDA-4A0A-8895-DE916CE3B587}.Debug|Any CPU.ActiveCfg = Debug|Any CPU
		{3D4AB847-BFDA-4A0A-8895-DE916CE3B587}.Debug|Any CPU.Build.0 = Debug|Any CPU
		{3D4AB847-BFDA-4A0A-8895-DE916CE3B587}.Release|Any CPU.ActiveCfg = Release|Any CPU
		{3D4AB847-BFDA-4A0A-8895-DE916CE3B587}.Release|Any CPU.Build.0 = Release|Any CPU
	EndGlobalSection
	GlobalSection(SolutionProperties) = preSolution
		HideSolutionNode = FALSE
	EndGlobalSection
	GlobalSection(ExtensibilityGlobals) = postSolution
		SolutionGuid = {29FF9EE8-2394-4E04-8964-0EBFEEDF518A}
	EndGlobalSection
EndGlobal
